# This file was autogenerated by Stack.
# You should not edit this file by hand.
# For more information, please see the documentation at:
#   https://docs.haskellstack.org/en/stable/lock_files

packages:
- completed:
    hackage: binary-instances-1@sha256:b17565598b8df3241f9b46fa8e3a3368ecc8e3f2eb175d7c28f319042a6f5c79,2613
    pantry-tree:
      size: 1035
      sha256: 938ffc6990cac12681c657f7afa93737eecf335e6f0212d8c0b7c1ea3e0f40f4
  original:
    hackage: binary-instances-1@sha256:b17565598b8df3241f9b46fa8e3a3368ecc8e3f2eb175d7c28f319042a6f5c79,2613
- completed:
    hackage: github-0.23@sha256:07671c92da7142668ecdeaa5669ddda629ae85f25acd2ecadd49f9a119a5eac6,6965
    pantry-tree:
      size: 7113
      sha256: 90337bce40541903a3f151210499e3fbfa3e9fafbba4b1067641698cc6ee3921
  original:
    hackage: github-0.23@sha256:07671c92da7142668ecdeaa5669ddda629ae85f25acd2ecadd49f9a119a5eac6,6965
snapshots:
- completed:
    size: 524164
    url: https://raw.githubusercontent.com/commercialhaskell/stackage-snapshots/master/lts/14/22.yaml
    sha256: 7ad8f33179b32d204165a3a662c6269464a47a7e65a30abc38d01b5a38ec42c0
  original: lts-14.22
